
Microsoft Visual Studio Solution File, Format Version 12.00
# Visual Studio Version 17
VisualStudioVersion = 17.0.31611.283
MinimumVisualStudioVersion = 10.0.40219.1
Project("{9A19103F-16F7-4668-BE54-9A1E7A4F7556}") = "TradeOff", "TradeOff\TradeOff.csproj", "{4EF81732-1BC6-41E4-ABF4-36A7C45272D3}"
EndProject
Project("{9A19103F-16F7-4668-BE54-9A1E7A4F7556}") = "TradeOff.ClassLibrary", "TradeOff.ClassLibrary\TradeOff.ClassLibrary.csproj", "{E1A683A4-F2A1-44EF-A592-8D6C3EC2E9BB}"
EndProject
Project("{FAE04EC0-301F-11D3-BF4B-00C04F79EFBC}") = "TradeOff.API", "..\..\..\..\..\XP-API\XP-API\TradeOff.API.csproj", "{F02563E8-5E4E-4094-A45E-FE3BBA4CE50C}"
EndProject
Global
	GlobalSection(SolutionConfigurationPlatforms) = preSolution
		Debug|Any CPU = Debug|Any CPU
		Release|Any CPU = Release|Any CPU
	EndGlobalSection
	GlobalSection(ProjectConfigurationPlatforms) = postSolution
		{4EF81732-1BC6-41E4-ABF4-36A7C45272D3}.Debug|Any CPU.ActiveCfg = Debug|Any CPU
		{4EF81732-1BC6-41E4-ABF4-36A7C45272D3}.Debug|Any CPU.Build.0 = Debug|Any CPU
		{4EF81732-1BC6-41E4-ABF4-36A7C45272D3}.Debug|Any CPU.Deploy.0 = Debug|Any CPU
		{4EF81732-1BC6-41E4-ABF4-36A7C45272D3}.Release|Any CPU.ActiveCfg = Release|Any CPU
		{4EF81732-1BC6-41E4-ABF4-36A7C45272D3}.Release|Any CPU.Build.0 = Release|Any CPU
		{4EF81732-1BC6-41E4-ABF4-36A7C45272D3}.Release|Any CPU.Deploy.0 = Release|Any CPU
		{E1A683A4-F2A1-44EF-A592-8D6C3EC2E9BB}.Debug|Any CPU.ActiveCfg = Debug|Any CPU
		{E1A683A4-F2A1-44EF-A592-8D6C3EC2E9BB}.Debug|Any CPU.Build.0 = Debug|Any CPU
		{E1A683A4-F2A1-44EF-A592-8D6C3EC2E9BB}.Release|Any CPU.ActiveCfg = Release|Any CPU
		{E1A683A4-F2A1-44EF-A592-8D6C3EC2E9BB}.Release|Any CPU.Build.0 = Release|Any CPU
		{F02563E8-5E4E-4094-A45E-FE3BBA4CE50C}.Debug|Any CPU.ActiveCfg = Debug|Any CPU
		{F02563E8-5E4E-4094-A45E-FE3BBA4CE50C}.Debug|Any CPU.Build.0 = Debug|Any CPU
		{F02563E8-5E4E-4094-A45E-FE3BBA4CE50C}.Release|Any CPU.ActiveCfg = Release|Any CPU
		{F02563E8-5E4E-4094-A45E-FE3BBA4CE50C}.Release|Any CPU.Build.0 = Release|Any CPU
	EndGlobalSection
	GlobalSection(SolutionProperties) = preSolution
		HideSolutionNode = FALSE
	EndGlobalSection
	GlobalSection(ExtensibilityGlobals) = postSolution
		SolutionGuid = {61F7FB11-1E47-470C-91E2-47F8143E1572}
	EndGlobalSection
EndGlobal
